
Microsoft Visual Studio Solution File, Format Version 12.00
# Visual Studio Version 16
VisualStudioVersion = 16.0.30517.126
MinimumVisualStudioVersion = 10.0.40219.1
Project("{FAE04EC0-301F-11D3-BF4B-00C04F79EFBC}") = "ConnectorGrasshopper", "ConnectorGrasshopper\ConnectorGrasshopper.csproj", "{BDEC781D-F322-49B0-8001-2CA66C182174}"
EndProject
Project("{2150E333-8FDC-42A3-9474-1A3956D46DE8}") = "Local Dependencies", "Local Dependencies", "{CCD06981-ACB2-4B1C-9953-00976F1E535D}"
EndProject
Project("{9A19103F-16F7-4668-BE54-9A1E7A4F7556}") = "Core", "..\Core\Core\Core.csproj", "{B4D98D2C-E5DA-463E-BF6C-68E9B77C72F3}"
EndProject
Project("{9A19103F-16F7-4668-BE54-9A1E7A4F7556}") = "DiskTransport", "..\Core\Transports\DiskTransport\DiskTransport.csproj", "{8F16A9A1-DC5F-4800-821C-336E6CCF8F9C}"
EndProject
Project("{9A19103F-16F7-4668-BE54-9A1E7A4F7556}") = "Objects", "..\Objects\Objects\Objects.csproj", "{9103058A-0D20-49AA-B053-01548DD66D16}"
EndProject
Project("{2150E333-8FDC-42A3-9474-1A3956D46DE8}") = "Solution Items", "Solution Items", "{5A0D5ACF-2888-4516-ABC3-CDFFB38BD6CF}"
	ProjectSection(SolutionItems) = preProject
		.editorconfig = .editorconfig
	EndProjectSection
EndProject
Project("{9A19103F-16F7-4668-BE54-9A1E7A4F7556}") = "ConverterRhinoGh", "..\Objects\Converters\ConverterRhinoGh\ConverterRhinoGh.csproj", "{C73D5B6D-4A65-4CF8-8F36-9B78C17D92D5}"
EndProject
Project("{FAE04EC0-301F-11D3-BF4B-00C04F79EFBC}") = "GrasshopperAsyncComponent", "..\..\GrasshopperAsyncComponent\GrasshopperAsyncComponent\GrasshopperAsyncComponent.csproj", "{114D5E49-AC13-47F7-A70E-B4289579F4E3}"
EndProject
Project("{FAE04EC0-301F-11D3-BF4B-00C04F79EFBC}") = "ViewToGH", "..\..\..\ViewTo\viewto-grass\ViewToGH\ViewToGH.csproj", "{1145856B-5460-4D4F-B9F9-0D326D2BA267}"
EndProject
Project("{2150E333-8FDC-42A3-9474-1A3956D46DE8}") = "ViewToGH", "ViewToGH", "{FC68519B-2C7D-4C42-B160-5B31DC08D645}"
EndProject
Project("{2150E333-8FDC-42A3-9474-1A3956D46DE8}") = "Depends", "Depends", "{4D3D3324-2FFD-40F4-A488-85E950DB3D1E}"
EndProject
Project("{FAE04EC0-301F-11D3-BF4B-00C04F79EFBC}") = "ViewObjects", "..\..\..\ViewTo\viewto-library\ViewObjs\ViewObjects\ViewObjects.csproj", "{80E87F35-BCB1-4213-A16C-9DB67C843C1C}"
EndProject
Project("{FAE04EC0-301F-11D3-BF4B-00C04F79EFBC}") = "ViewObjectsBase", "..\..\..\ViewTo\viewto-library\ViewObjs\ViewObjectsBase\ViewObjectsBase.csproj", "{D91D35D4-0762-4166-934B-6FDCAB647DC9}"
EndProject
Project("{FAE04EC0-301F-11D3-BF4B-00C04F79EFBC}") = "ViewObjectsStructure", "..\..\..\ViewTo\viewto-library\ViewObjs\ViewObjectsStructure\ViewObjectsStructure.csproj", "{FA6E60D3-8662-4132-A671-EDC4818458F5}"
EndProject
Project("{FAE04EC0-301F-11D3-BF4B-00C04F79EFBC}") = "ViewObjConverterRhino", "..\..\..\ViewTo\viewto-library\ViewObjConverterRhino\ViewObjConverterRhino.csproj", "{EAC6F28B-1223-47A2-9B0F-A52C9DE4B9F6}"
EndProject
Project("{2150E333-8FDC-42A3-9474-1A3956D46DE8}") = "Converter", "Converter", "{2CC3D2F3-1A44-4275-A31E-560CE0E04A54}"
EndProject
Project("{FAE04EC0-301F-11D3-BF4B-00C04F79EFBC}") = "ViewToCore", "..\..\..\ViewTo\viewto-library\ViewToCore\ViewToCore.csproj", "{433B9CFF-496A-4D48-A883-DCDBF6868132}"
EndProject
Global
	GlobalSection(SolutionConfigurationPlatforms) = preSolution
		Debug|Any CPU = Debug|Any CPU
		Release|Any CPU = Release|Any CPU
	EndGlobalSection
	GlobalSection(ProjectConfigurationPlatforms) = postSolution
		{BDEC781D-F322-49B0-8001-2CA66C182174}.Debug|Any CPU.ActiveCfg = Debug|Any CPU
		{BDEC781D-F322-49B0-8001-2CA66C182174}.Debug|Any CPU.Build.0 = Debug|Any CPU
		{BDEC781D-F322-49B0-8001-2CA66C182174}.Release|Any CPU.ActiveCfg = Release|Any CPU
		{BDEC781D-F322-49B0-8001-2CA66C182174}.Release|Any CPU.Build.0 = Release|Any CPU
		{B4D98D2C-E5DA-463E-BF6C-68E9B77C72F3}.Debug|Any CPU.ActiveCfg = Debug|Any CPU
		{B4D98D2C-E5DA-463E-BF6C-68E9B77C72F3}.Debug|Any CPU.Build.0 = Debug|Any CPU
		{B4D98D2C-E5DA-463E-BF6C-68E9B77C72F3}.Release|Any CPU.ActiveCfg = Release|Any CPU
		{B4D98D2C-E5DA-463E-BF6C-68E9B77C72F3}.Release|Any CPU.Build.0 = Release|Any CPU
		{8F16A9A1-DC5F-4800-821C-336E6CCF8F9C}.Debug|Any CPU.ActiveCfg = Debug|Any CPU
		{8F16A9A1-DC5F-4800-821C-336E6CCF8F9C}.Debug|Any CPU.Build.0 = Debug|Any CPU
		{8F16A9A1-DC5F-4800-821C-336E6CCF8F9C}.Release|Any CPU.ActiveCfg = Release|Any CPU
		{8F16A9A1-DC5F-4800-821C-336E6CCF8F9C}.Release|Any CPU.Build.0 = Release|Any CPU
		{9103058A-0D20-49AA-B053-01548DD66D16}.Debug|Any CPU.ActiveCfg = Debug|Any CPU
		{9103058A-0D20-49AA-B053-01548DD66D16}.Debug|Any CPU.Build.0 = Debug|Any CPU
		{9103058A-0D20-49AA-B053-01548DD66D16}.Release|Any CPU.ActiveCfg = Release|Any CPU
		{9103058A-0D20-49AA-B053-01548DD66D16}.Release|Any CPU.Build.0 = Release|Any CPU
		{C73D5B6D-4A65-4CF8-8F36-9B78C17D92D5}.Debug|Any CPU.ActiveCfg = Debug|Any CPU
		{C73D5B6D-4A65-4CF8-8F36-9B78C17D92D5}.Debug|Any CPU.Build.0 = Debug|Any CPU
		{C73D5B6D-4A65-4CF8-8F36-9B78C17D92D5}.Release|Any CPU.ActiveCfg = Release|Any CPU
		{C73D5B6D-4A65-4CF8-8F36-9B78C17D92D5}.Release|Any CPU.Build.0 = Release|Any CPU
		{114D5E49-AC13-47F7-A70E-B4289579F4E3}.Debug|Any CPU.ActiveCfg = Debug|Any CPU
		{114D5E49-AC13-47F7-A70E-B4289579F4E3}.Debug|Any CPU.Build.0 = Debug|Any CPU
		{114D5E49-AC13-47F7-A70E-B4289579F4E3}.Release|Any CPU.ActiveCfg = Release|Any CPU
		{114D5E49-AC13-47F7-A70E-B4289579F4E3}.Release|Any CPU.Build.0 = Release|Any CPU
		{1145856B-5460-4D4F-B9F9-0D326D2BA267}.Debug|Any CPU.ActiveCfg = Debug|Any CPU
		{1145856B-5460-4D4F-B9F9-0D326D2BA267}.Debug|Any CPU.Build.0 = Debug|Any CPU
		{1145856B-5460-4D4F-B9F9-0D326D2BA267}.Release|Any CPU.ActiveCfg = Release|Any CPU
		{1145856B-5460-4D4F-B9F9-0D326D2BA267}.Release|Any CPU.Build.0 = Release|Any CPU
		{80E87F35-BCB1-4213-A16C-9DB67C843C1C}.Debug|Any CPU.ActiveCfg = Debug|Any CPU
		{80E87F35-BCB1-4213-A16C-9DB67C843C1C}.Debug|Any CPU.Build.0 = Debug|Any CPU
		{80E87F35-BCB1-4213-A16C-9DB67C843C1C}.Release|Any CPU.ActiveCfg = Release|Any CPU
		{80E87F35-BCB1-4213-A16C-9DB67C843C1C}.Release|Any CPU.Build.0 = Release|Any CPU
		{D91D35D4-0762-4166-934B-6FDCAB647DC9}.Debug|Any CPU.ActiveCfg = Debug|Any CPU
		{D91D35D4-0762-4166-934B-6FDCAB647DC9}.Debug|Any CPU.Build.0 = Debug|Any CPU
		{D91D35D4-0762-4166-934B-6FDCAB647DC9}.Release|Any CPU.ActiveCfg = Release|Any CPU
		{D91D35D4-0762-4166-934B-6FDCAB647DC9}.Release|Any CPU.Build.0 = Release|Any CPU
		{FA6E60D3-8662-4132-A671-EDC4818458F5}.Debug|Any CPU.ActiveCfg = Debug|Any CPU
		{FA6E60D3-8662-4132-A671-EDC4818458F5}.Debug|Any CPU.Build.0 = Debug|Any CPU
		{FA6E60D3-8662-4132-A671-EDC4818458F5}.Release|Any CPU.ActiveCfg = Release|Any CPU
		{FA6E60D3-8662-4132-A671-EDC4818458F5}.Release|Any CPU.Build.0 = Release|Any CPU
		{EAC6F28B-1223-47A2-9B0F-A52C9DE4B9F6}.Debug|Any CPU.ActiveCfg = Debug|Any CPU
		{EAC6F28B-1223-47A2-9B0F-A52C9DE4B9F6}.Debug|Any CPU.Build.0 = Debug|Any CPU
		{EAC6F28B-1223-47A2-9B0F-A52C9DE4B9F6}.Release|Any CPU.ActiveCfg = Release|Any CPU
		{EAC6F28B-1223-47A2-9B0F-A52C9DE4B9F6}.Release|Any CPU.Build.0 = Release|Any CPU
		{433B9CFF-496A-4D48-A883-DCDBF6868132}.Debug|Any CPU.ActiveCfg = Debug|Any CPU
		{433B9CFF-496A-4D48-A883-DCDBF6868132}.Debug|Any CPU.Build.0 = Debug|Any CPU
		{433B9CFF-496A-4D48-A883-DCDBF6868132}.Release|Any CPU.ActiveCfg = Release|Any CPU
		{433B9CFF-496A-4D48-A883-DCDBF6868132}.Release|Any CPU.Build.0 = Release|Any CPU
	EndGlobalSection
	GlobalSection(SolutionProperties) = preSolution
		HideSolutionNode = FALSE
	EndGlobalSection
	GlobalSection(NestedProjects) = preSolution
		{B4D98D2C-E5DA-463E-BF6C-68E9B77C72F3} = {CCD06981-ACB2-4B1C-9953-00976F1E535D}
		{8F16A9A1-DC5F-4800-821C-336E6CCF8F9C} = {CCD06981-ACB2-4B1C-9953-00976F1E535D}
		{9103058A-0D20-49AA-B053-01548DD66D16} = {CCD06981-ACB2-4B1C-9953-00976F1E535D}
		{C73D5B6D-4A65-4CF8-8F36-9B78C17D92D5} = {CCD06981-ACB2-4B1C-9953-00976F1E535D}
		{114D5E49-AC13-47F7-A70E-B4289579F4E3} = {CCD06981-ACB2-4B1C-9953-00976F1E535D}
		{1145856B-5460-4D4F-B9F9-0D326D2BA267} = {FC68519B-2C7D-4C42-B160-5B31DC08D645}
		{4D3D3324-2FFD-40F4-A488-85E950DB3D1E} = {FC68519B-2C7D-4C42-B160-5B31DC08D645}
		{80E87F35-BCB1-4213-A16C-9DB67C843C1C} = {4D3D3324-2FFD-40F4-A488-85E950DB3D1E}
		{D91D35D4-0762-4166-934B-6FDCAB647DC9} = {4D3D3324-2FFD-40F4-A488-85E950DB3D1E}
		{FA6E60D3-8662-4132-A671-EDC4818458F5} = {4D3D3324-2FFD-40F4-A488-85E950DB3D1E}
		{2CC3D2F3-1A44-4275-A31E-560CE0E04A54} = {FC68519B-2C7D-4C42-B160-5B31DC08D645}
		{EAC6F28B-1223-47A2-9B0F-A52C9DE4B9F6} = {2CC3D2F3-1A44-4275-A31E-560CE0E04A54}
		{433B9CFF-496A-4D48-A883-DCDBF6868132} = {4D3D3324-2FFD-40F4-A488-85E950DB3D1E}
	EndGlobalSection
	GlobalSection(ExtensibilityGlobals) = postSolution
		SolutionGuid = {3196A316-D590-4D60-8363-3A2FB801A6DC}
	EndGlobalSection
EndGlobal
